[jamscript]
version = "v0.1.0-rc.12"

[jamscript_backend]
version = "backend-v0.1.0-rc.12"
image = "ghcr.io/archelabs/jamscript-backend"
digest = "sha256:40fc14f5a10d8f22803340da5fd7ce585356dfb9072b3d5a80ba565c0ddb83cf"

[jamscript_client]
package = "@jamscript/client"
version = "0.1.0-rc.7"

[locus]
service_artifact_commit = "2b6aeb5a51005d3503edfcfa97be780994fa5550"

[minijam]
version = "stage1-v0.2.1"
release_commit = "1000bd7504a61010b5e83b1cae5a651b9373ae08"
release_manifest_sha256 = "3fbdfd5426363caf374711d52c807abfad90a65475bf86f467c50adc198578e5"
testnet_spec_sha256 = "78c064fa605b645f19b7c9ee332321d8279219c9d43fa7a2a6ce47afe077eb7f"
testnet_raw_spec_sha256 = "8f05ce3cf44090d0c602180521e4ca9de8971a19cd5788be0b1e2f222c1b225c"
node_image = "ghcr.io/archelabs/minijam-node@sha256:ba765011d45f6f0307328e55f3d7311ae15570baa286ef13897ed8d59d18bfa9"
worker_image = "ghcr.io/archelabs/minijam-worker@sha256:714bf7456ad797d8436568cfbe0375f8afbead892c7bb407fd60bb3f6ed8ac2f"
formal_rpc_image = "ghcr.io/archelabs/minijam-formal-rpc@sha256:6314129f900154ec2f001e73b2f09c1e4ad747bc12f972438c372f55e2210904"

[transaction_lifecycle_upgrade]
status = "deployed_and_seeded_fresh_state"
jamscript_version = "v0.1.0-rc.12"
minimum_client = "@jamscript/client@0.1.0-rc.7"
minimum_backend = "backend-v0.1.0-rc.12"
backend_image_digest = "sha256:40fc14f5a10d8f22803340da5fd7ce585356dfb9072b3d5a80ba565c0ddb83cf"
candidate_source_commit = "3832c917852ce65d0166120e2b7d5978e91308ef"
candidate_code_hash = "0xc8f58efb503f4dce2615fc19e163d8690300794a33381a44de9f9ebbc54a4a62"
locus_repository_commit = "2b6aeb5a51005d3503edfcfa97be780994fa5550"
deployed_service_id = 3962414306
deployment_finalized_block = 24901
managed_state_migrated = false
initial_asset_symbols = ["DOT", "MINI", "USDT", "AAPL", "NVDA", "TSLA"]
treasury_evm_address = "0x544ac734c6b113789ea97ac145b1a141bb7e0c65"
candidate_heap_initial_bytes = 1048576
candidate_heap_max_bytes = 16777216
durable_transaction_lookup = false
